
Microsoft Visual Studio Solution File, Format Version 12.00
# Visual Studio 2013
VisualStudioVersion = 12.0.31101.0
MinimumVisualStudioVersion = 10.0.40219.1
Project("{FAE04EC0-301F-11D3-BF4B-00C04F79EFBC}") = "SideScrollerAssignment", "SideScrollerAssignment\SideScrollerAssignment.csproj", "{87D7D387-849A-45DD-98EA-FC27895D293A}"
EndProject
Global
	GlobalSection(SolutionConfigurationPlatforms) = preSolution
		Debug|Any CPU = Debug|Any CPU
		Release|Any CPU = Release|Any CPU
	EndGlobalSection
	GlobalSection(ProjectConfigurationPlatforms) = postSolution
		{87D7D387-849A-45DD-98EA-FC27895D293A}.Debug|Any CPU.ActiveCfg = Debug|Any CPU
		{87D7D387-849A-45DD-98EA-FC27895D293A}.Debug|Any CPU.Build.0 = Debug|Any CPU
		{87D7D387-849A-45DD-98EA-FC27895D293A}.Release|Any CPU.ActiveCfg = Release|Any CPU
		{87D7D387-849A-45DD-98EA-FC27895D293A}.Release|Any CPU.Build.0 = Release|Any CPU
	EndGlobalSection
	GlobalSection(SolutionProperties) = preSolution
		HideSolutionNode = FALSE
	EndGlobalSection
EndGlobal
